// !$*UTF8*$!
{
	archiveVersion = 1;
	classes = {
	};
	objectVersion = 55;
	objects = {

/* Begin PBXBuildFile section */
		0BD183B72FF8D83B318499D3 /* SettingRepository.swift in Sources */ = {isa = PBXBuildFile; fileRef = 0E73074C8260C44F65C62991 /* SettingRepository.swift */; };
		0F01D714A66163C0574A334D /* HeyRepository.swift in Sources */ = {isa = PBXBuildFile; fileRef = 2041BA265B0E65C9D9077998 /* HeyRepository.swift */; };
		1A8E1DAC9A5430BDA905E937 /* TimeTableRepository.swift in Sources */ = {isa = PBXBuildFile; fileRef = D3EB5587458D9B0EDB635FF1 /* TimeTableRepository.swift */; };
		33E37B74A4AEF4B3F4536192 /* SettingInfoMapper.swift in Sources */ = {isa = PBXBuildFile; fileRef = A264DE6E20A09DCD898FE7FD /* SettingInfoMapper.swift */; };
		40D0C1BADAA232C460F4517C /* Networks.framework in Dependencies */ = {isa = PBXBuildFile; fileRef = C686E3990E8383390FDBFC72 /* Networks.framework */; };
		481145B0B64D02A41DC8089B /* CustomModuleMapper.swift in Sources */ = {isa = PBXBuildFile; fileRef = AAB43F8E50685C8DEA8601D6 /* CustomModuleMapper.swift */; };
		5166DA66C7DEC6C87ADD5908 /* UserRepository.swift in Sources */ = {isa = PBXBuildFile; fileRef = B548A58712761A820FF89C83 /* UserRepository.swift */; };
		5D346D9418C2A8777D18FF5A /* TimeTableMapper.swift in Sources */ = {isa = PBXBuildFile; fileRef = 2B9C16B1982BBA212E7D91C8 /* TimeTableMapper.swift */; };
		638DCDB9E60B074800BAAC44 /* UserDefaultsManager.swift in Sources */ = {isa = PBXBuildFile; fileRef = AFDE917A0C07DD47F20ECC96 /* UserDefaultsManager.swift */; };
		699D29F4F4F1E88160772C1D /* ThemePreviewMapper.swift in Sources */ = {isa = PBXBuildFile; fileRef = 149C5EAA322E976EE3E6C9AE /* ThemePreviewMapper.swift */; };
		6FDC1159820FF71673203A35 /* AuthRepository.swift in Sources */ = {isa = PBXBuildFile; fileRef = D42A20E23650CF40A5DEC7F9 /* AuthRepository.swift */; };
		72A7D43E9D546A62DD432316 /* LectureMapper.swift in Sources */ = {isa = PBXBuildFile; fileRef = 70B9A5EBF388DE00111C9791 /* LectureMapper.swift */; };
		889B25A01765F9839CACD433 /* UserMapper.swift in Sources */ = {isa = PBXBuildFile; fileRef = 4935F2DA33068978465E3B79 /* UserMapper.swift */; };
		8A5B9328B93F6466B0F52BA1 /* ScheduleMapper.swift in Sources */ = {isa = PBXBuildFile; fileRef = C1A06708A84F120CFD333605 /* ScheduleMapper.swift */; };
		901ACA7B98089AB702ADA830 /* Domain.framework in Frameworks */ = {isa = PBXBuildFile; fileRef = 06FAA1459D11CCE724C34195 /* Domain.framework */; };
		934C769A20EA579B071672E0 /* UserDefaultWrapper.swift in Sources */ = {isa = PBXBuildFile; fileRef = 7A1B9C3D6B390BD40E7F5325 /* UserDefaultWrapper.swift */; };
		A5263E98956844B8506033E8 /* AuthMapper.swift in Sources */ = {isa = PBXBuildFile; fileRef = ABC27D9A2BF3FE0748A07B42 /* AuthMapper.swift */; };
		AD960A518D753F00F121544C /* SectionMapper.swift in Sources */ = {isa = PBXBuildFile; fileRef = F62DA8DBFDBAED3D91663019 /* SectionMapper.swift */; };
		B45057DB20FA288CAB59A1C5 /* SectionRepository.swift in Sources */ = {isa = PBXBuildFile; fileRef = 0275C6BD96D1430303E814C1 /* SectionRepository.swift */; };
		B9FCEFA7D47EB94AFD1D2952 /* TimeTableDetailMapper.swift in Sources */ = {isa = PBXBuildFile; fileRef = 1A19EB790DB987B93CCD6CE0 /* TimeTableDetailMapper.swift */; };
		BD78AD2EBCCB296065FCE53B /* LectureRepository.swift in Sources */ = {isa = PBXBuildFile; fileRef = 89618685AA8A145C2F9E76BF /* LectureRepository.swift */; };
		C177571D439E2FCFF7358DB6 /* ScheduleRepository.swift in Sources */ = {isa = PBXBuildFile; fileRef = FEB6AA0F33F44CFFABDA0D20 /* ScheduleRepository.swift */; };
		D7CC3AEE27C0A0FDFA172421 /* ModuleMapper.swift in Sources */ = {isa = PBXBuildFile; fileRef = 2A626AECFEA32EE39FBE8F6A /* ModuleMapper.swift */; };
		F23164D1DB4C723B64B56B83 /* ProfileMapper.swift in Sources */ = {isa = PBXBuildFile; fileRef = E78306FAD7774567C0BABB9C /* ProfileMapper.swift */; };
		F72206634767625B7CAE2BD9 /* ThemeMapper.swift in Sources */ = {isa = PBXBuildFile; fileRef = 5B62961AD3C417E58FD16EA2 /* ThemeMapper.swift */; };
/* End PBXBuildFile section */

/* Begin PBXCopyFilesBuildPhase section */
		1AE0C4E3754081D0A185F5D2 /* Dependencies */ = {
			isa = PBXCopyFilesBuildPhase;
			buildActionMask = 8;
			dstSubfolderSpec = 16;
			files = (
				40D0C1BADAA232C460F4517C /* Networks.framework in Dependencies */,
			);
			name = Dependencies;
			runOnlyForDeploymentPostprocessing = 1;
		};
		B14F7C84FC4E43202BF6D53F /* Embed Frameworks */ = {
			isa = PBXCopyFilesBuildPhase;
			buildActionMask = 2147483647;
			dstPath = "";
			dstSubfolderSpec = 10;
			files = (
			);
			name = "Embed Frameworks";
			runOnlyForDeploymentPostprocessing = 0;
		};
/* End PBXCopyFilesBuildPhase section */

/* Begin PBXFileReference section */
		0275C6BD96D1430303E814C1 /* SectionRepository.swift */ = {isa = PBXFileReference; lastKnownFileType = sourcecode.swift; path = SectionRepository.swift; sourceTree = "<group>"; };
		033B57EACF093CA22F91EAB9 /* Data-Info.plist */ = {isa = PBXFileReference; lastKnownFileType = text.plist; path = "Data-Info.plist"; sourceTree = "<group>"; };
		06FAA1459D11CCE724C34195 /* Domain.framework */ = {isa = PBXFileReference; explicitFileType = wrapper.framework; includeInIndex = 0; path = Domain.framework; sourceTree = BUILT_PRODUCTS_DIR; };
		0E73074C8260C44F65C62991 /* SettingRepository.swift */ = {isa = PBXFileReference; lastKnownFileType = sourcecode.swift; path = SettingRepository.swift; sourceTree = "<group>"; };
		149C5EAA322E976EE3E6C9AE /* ThemePreviewMapper.swift */ = {isa = PBXFileReference; lastKnownFileType = sourcecode.swift; path = ThemePreviewMapper.swift; sourceTree = "<group>"; };
		15980EA53249EF851696B154 /* DEV.xcconfig */ = {isa = PBXFileReference; lastKnownFileType = text.xcconfig; path = DEV.xcconfig; sourceTree = "<group>"; };
		1A19EB790DB987B93CCD6CE0 /* TimeTableDetailMapper.swift */ = {isa = PBXFileReference; lastKnownFileType = sourcecode.swift; path = TimeTableDetailMapper.swift; sourceTree = "<group>"; };
		2041BA265B0E65C9D9077998 /* HeyRepository.swift */ = {isa = PBXFileReference; lastKnownFileType = sourcecode.swift; path = HeyRepository.swift; sourceTree = "<group>"; };
		2A626AECFEA32EE39FBE8F6A /* ModuleMapper.swift */ = {isa = PBXFileReference; lastKnownFileType = sourcecode.swift; path = ModuleMapper.swift; sourceTree = "<group>"; };
		2B9C16B1982BBA212E7D91C8 /* TimeTableMapper.swift */ = {isa = PBXFileReference; lastKnownFileType = sourcecode.swift; path = TimeTableMapper.swift; sourceTree = "<group>"; };
		4935F2DA33068978465E3B79 /* UserMapper.swift */ = {isa = PBXFileReference; lastKnownFileType = sourcecode.swift; path = UserMapper.swift; sourceTree = "<group>"; };
		4E75197C294DE74F5162FAA7 /* Data.framework */ = {isa = PBXFileReference; explicitFileType = wrapper.framework; includeInIndex = 0; path = Data.framework; sourceTree = BUILT_PRODUCTS_DIR; };
		5B62961AD3C417E58FD16EA2 /* ThemeMapper.swift */ = {isa = PBXFileReference; lastKnownFileType = sourcecode.swift; path = ThemeMapper.swift; sourceTree = "<group>"; };
		70B9A5EBF388DE00111C9791 /* LectureMapper.swift */ = {isa = PBXFileReference; lastKnownFileType = sourcecode.swift; path = LectureMapper.swift; sourceTree = "<group>"; };
		7A1B9C3D6B390BD40E7F5325 /* UserDefaultWrapper.swift */ = {isa = PBXFileReference; lastKnownFileType = sourcecode.swift; path = UserDefaultWrapper.swift; sourceTree = "<group>"; };
		89618685AA8A145C2F9E76BF /* LectureRepository.swift */ = {isa = PBXFileReference; lastKnownFileType = sourcecode.swift; path = LectureRepository.swift; sourceTree = "<group>"; };
		A264DE6E20A09DCD898FE7FD /* SettingInfoMapper.swift */ = {isa = PBXFileReference; lastKnownFileType = sourcecode.swift; path = SettingInfoMapper.swift; sourceTree = "<group>"; };
		A67C952C43849B8D90371905 /* PROD.xcconfig */ = {isa = PBXFileReference; lastKnownFileType = text.xcconfig; path = PROD.xcconfig; sourceTree = "<group>"; };
		AAB43F8E50685C8DEA8601D6 /* CustomModuleMapper.swift */ = {isa = PBXFileReference; lastKnownFileType = sourcecode.swift; path = CustomModuleMapper.swift; sourceTree = "<group>"; };
		ABC27D9A2BF3FE0748A07B42 /* AuthMapper.swift */ = {isa = PBXFileReference; lastKnownFileType = sourcecode.swift; path = AuthMapper.swift; sourceTree = "<group>"; };
		AFDE917A0C07DD47F20ECC96 /* UserDefaultsManager.swift */ = {isa = PBXFileReference; lastKnownFileType = sourcecode.swift; path = UserDefaultsManager.swift; sourceTree = "<group>"; };
		B548A58712761A820FF89C83 /* UserRepository.swift */ = {isa = PBXFileReference; lastKnownFileType = sourcecode.swift; path = UserRepository.swift; sourceTree = "<group>"; };
		C1A06708A84F120CFD333605 /* ScheduleMapper.swift */ = {isa = PBXFileReference; lastKnownFileType = sourcecode.swift; path = ScheduleMapper.swift; sourceTree = "<group>"; };
		C686E3990E8383390FDBFC72 /* Networks.framework */ = {isa = PBXFileReference; explicitFileType = wrapper.framework; includeInIndex = 0; path = Networks.framework; sourceTree = BUILT_PRODUCTS_DIR; };
		D3EB5587458D9B0EDB635FF1 /* TimeTableRepository.swift */ = {isa = PBXFileReference; lastKnownFileType = sourcecode.swift; path = TimeTableRepository.swift; sourceTree = "<group>"; };
		D42A20E23650CF40A5DEC7F9 /* AuthRepository.swift */ = {isa = PBXFileReference; lastKnownFileType = sourcecode.swift; path = AuthRepository.swift; sourceTree = "<group>"; };
		E78306FAD7774567C0BABB9C /* ProfileMapper.swift */ = {isa = PBXFileReference; lastKnownFileType = sourcecode.swift; path = ProfileMapper.swift; sourceTree = "<group>"; };
		F62DA8DBFDBAED3D91663019 /* SectionMapper.swift */ = {isa = PBXFileReference; lastKnownFileType = sourcecode.swift; path = SectionMapper.swift; sourceTree = "<group>"; };
		FAD206D307927CD25EE02B31 /* QA.xcconfig */ = {isa = PBXFileReference; lastKnownFileType = text.xcconfig; path = QA.xcconfig; sourceTree = "<group>"; };
		FEB6AA0F33F44CFFABDA0D20 /* ScheduleRepository.swift */ = {isa = PBXFileReference; lastKnownFileType = sourcecode.swift; path = ScheduleRepository.swift; sourceTree = "<group>"; };
/* End PBXFileReference section */

/* Begin PBXFrameworksBuildPhase section */
		818FC900AD146A9A336966D5 /* Frameworks */ = {
			isa = PBXFrameworksBuildPhase;
			buildActionMask = 2147483647;
			files = (
				901ACA7B98089AB702ADA830 /* Domain.framework in Frameworks */,
			);
			runOnlyForDeploymentPostprocessing = 0;
		};
/* End PBXFrameworksBuildPhase section */

/* Begin PBXGroup section */
		20629251A4CAB947CD938921 /* Products */ = {
			isa = PBXGroup;
			children = (
				4E75197C294DE74F5162FAA7 /* Data.framework */,
				06FAA1459D11CCE724C34195 /* Domain.framework */,
				C686E3990E8383390FDBFC72 /* Networks.framework */,
			);
			name = Products;
			sourceTree = "<group>";
		};
		28F3B6E99819C656614C3219 /* TimeTable */ = {
			isa = PBXGroup;
			children = (
				1A19EB790DB987B93CCD6CE0 /* TimeTableDetailMapper.swift */,
				2B9C16B1982BBA212E7D91C8 /* TimeTableMapper.swift */,
			);
			path = TimeTable;
			sourceTree = "<group>";
		};
		2A77273F64474D0ACE1ECD13 /* User */ = {
			isa = PBXGroup;
			children = (
				E78306FAD7774567C0BABB9C /* ProfileMapper.swift */,
				4935F2DA33068978465E3B79 /* UserMapper.swift */,
			);
			path = User;
			sourceTree = "<group>";
		};
		73F3ED55BFDC2EF15878F5B6 /* Repository */ = {
			isa = PBXGroup;
			children = (
				D42A20E23650CF40A5DEC7F9 /* AuthRepository.swift */,
				2041BA265B0E65C9D9077998 /* HeyRepository.swift */,
				89618685AA8A145C2F9E76BF /* LectureRepository.swift */,
				FEB6AA0F33F44CFFABDA0D20 /* ScheduleRepository.swift */,
				0275C6BD96D1430303E814C1 /* SectionRepository.swift */,
				0E73074C8260C44F65C62991 /* SettingRepository.swift */,
				D3EB5587458D9B0EDB635FF1 /* TimeTableRepository.swift */,
				B548A58712761A820FF89C83 /* UserRepository.swift */,
			);
			path = Repository;
			sourceTree = "<group>";
		};
		8790F9EFE8F5A4256173B0FA /* Frameworks */ = {
			isa = PBXGroup;
			children = (
			);
			name = Frameworks;
			sourceTree = "<group>";
		};
		8A6D38DA6706D1F4DD8A055B = {
			isa = PBXGroup;
			children = (
				EF3121301A12FEB266E0B923 /* Project */,
				8790F9EFE8F5A4256173B0FA /* Frameworks */,
				20629251A4CAB947CD938921 /* Products */,
			);
			sourceTree = "<group>";
		};
		9508CA9D8AC66B8CDACDBE64 /* Setting */ = {
			isa = PBXGroup;
			children = (
				A264DE6E20A09DCD898FE7FD /* SettingInfoMapper.swift */,
				5B62961AD3C417E58FD16EA2 /* ThemeMapper.swift */,
				149C5EAA322E976EE3E6C9AE /* ThemePreviewMapper.swift */,
			);
			path = Setting;
			sourceTree = "<group>";
		};
		97D605D22E018507007701F4 /* Module */ = {
			isa = PBXGroup;
			children = (
				AAB43F8E50685C8DEA8601D6 /* CustomModuleMapper.swift */,
				2A626AECFEA32EE39FBE8F6A /* ModuleMapper.swift */,
			);
			path = Module;
			sourceTree = "<group>";
		};
		98867067E5FA7CFE30401EED /* XCConfig */ = {
			isa = PBXGroup;
			children = (
				15980EA53249EF851696B154 /* DEV.xcconfig */,
				A67C952C43849B8D90371905 /* PROD.xcconfig */,
				FAD206D307927CD25EE02B31 /* QA.xcconfig */,
			);
			name = XCConfig;
			path = ../../XCConfig;
			sourceTree = "<group>";
		};
		9FBB30C879D859349707966F /* Auth */ = {
			isa = PBXGroup;
			children = (
				ABC27D9A2BF3FE0748A07B42 /* AuthMapper.swift */,
			);
			path = Auth;
			sourceTree = "<group>";
		};
		A0AA58D04D806D6F029CD199 /* Mapper */ = {
			isa = PBXGroup;
			children = (
				9FBB30C879D859349707966F /* Auth */,
				E202F731F5B420584F201A90 /* TimeTable */,
				2A77273F64474D0ACE1ECD13 /* User */,
			);
			path = Mapper;
			sourceTree = "<group>";
		};
		AABE3A120DFAA5B30C74694C /* InfoPlists */ = {
			isa = PBXGroup;
			children = (
				033B57EACF093CA22F91EAB9 /* Data-Info.plist */,
			);
			path = InfoPlists;
			sourceTree = "<group>";
		};
		C25E2D135BFBAC1019949D62 /* Derived */ = {
			isa = PBXGroup;
			children = (
				AABE3A120DFAA5B30C74694C /* InfoPlists */,
			);
			path = Derived;
			sourceTree = "<group>";
		};
		C590795A2658F92D49B27E8D /* Sources */ = {
			isa = PBXGroup;
			children = (
				A0AA58D04D806D6F029CD199 /* Mapper */,
				73F3ED55BFDC2EF15878F5B6 /* Repository */,
				C66953BD8B93379E541B1CBD /* UserDefault */,
			);
			path = Sources;
			sourceTree = "<group>";
		};
		C66953BD8B93379E541B1CBD /* UserDefault */ = {
			isa = PBXGroup;
			children = (
				AFDE917A0C07DD47F20ECC96 /* UserDefaultsManager.swift */,
				7A1B9C3D6B390BD40E7F5325 /* UserDefaultWrapper.swift */,
			);
			path = UserDefault;
			sourceTree = "<group>";
		};
		E202F731F5B420584F201A90 /* TimeTable */ = {
			isa = PBXGroup;
			children = (
				97D605D22E018507007701F4 /* Module */,
				9508CA9D8AC66B8CDACDBE64 /* Setting */,
				28F3B6E99819C656614C3219 /* TimeTable */,
				70B9A5EBF388DE00111C9791 /* LectureMapper.swift */,
				C1A06708A84F120CFD333605 /* ScheduleMapper.swift */,
				F62DA8DBFDBAED3D91663019 /* SectionMapper.swift */,
			);
			path = TimeTable;
			sourceTree = "<group>";
		};
		EF3121301A12FEB266E0B923 /* Project */ = {
			isa = PBXGroup;
			children = (
				C25E2D135BFBAC1019949D62 /* Derived */,
				C590795A2658F92D49B27E8D /* Sources */,
				98867067E5FA7CFE30401EED /* XCConfig */,
			);
			name = Project;
			sourceTree = "<group>";
		};
/* End PBXGroup section */

/* Begin PBXNativeTarget section */
		372E276F143AFFAD2448C971 /* Data */ = {
			isa = PBXNativeTarget;
			buildConfigurationList = 36E6DF242C12BC0663933DC9 /* Build configuration list for PBXNativeTarget "Data" */;
			buildPhases = (
				3463CE952CBC37DCC5509817 /* Sources */,
				81018B321249CDD696EA4A5D /* Resources */,
				B14F7C84FC4E43202BF6D53F /* Embed Frameworks */,
				818FC900AD146A9A336966D5 /* Frameworks */,
				1AE0C4E3754081D0A185F5D2 /* Dependencies */,
			);
			buildRules = (
			);
			dependencies = (
			);
			name = Data;
			productName = Data;
			productReference = 4E75197C294DE74F5162FAA7 /* Data.framework */;
			productType = "com.apple.product-type.framework";
		};
/* End PBXNativeTarget section */

/* Begin PBXProject section */
		848E6C78DE33F20387FB92DE /* Project object */ = {
			isa = PBXProject;
			attributes = {
				BuildIndependentTargetsInParallel = YES;
				ORGANIZATIONNAME = "Heylets-iOS";
				TargetAttributes = {
				};
			};
			buildConfigurationList = BDB112DA78B2B42275EC3A62 /* Build configuration list for PBXProject "Data" */;
			compatibilityVersion = "Xcode 14.0";
			developmentRegion = en;
			hasScannedForEncodings = 0;
			knownRegions = (
				Base,
				en,
			);
			mainGroup = 8A6D38DA6706D1F4DD8A055B;
			productRefGroup = 20629251A4CAB947CD938921 /* Products */;
			projectDirPath = "";
			projectRoot = "";
			targets = (
				372E276F143AFFAD2448C971 /* Data */,
			);
		};
/* End PBXProject section */

/* Begin PBXResourcesBuildPhase section */
		81018B321249CDD696EA4A5D /* Resources */ = {
			isa = PBXResourcesBuildPhase;
			buildActionMask = 2147483647;
			files = (
			);
			runOnlyForDeploymentPostprocessing = 0;
		};
/* End PBXResourcesBuildPhase section */

/* Begin PBXSourcesBuildPhase section */
		3463CE952CBC37DCC5509817 /* Sources */ = {
			isa = PBXSourcesBuildPhase;
			buildActionMask = 2147483647;
			files = (
				A5263E98956844B8506033E8 /* AuthMapper.swift in Sources */,
				72A7D43E9D546A62DD432316 /* LectureMapper.swift in Sources */,
				481145B0B64D02A41DC8089B /* CustomModuleMapper.swift in Sources */,
				D7CC3AEE27C0A0FDFA172421 /* ModuleMapper.swift in Sources */,
				8A5B9328B93F6466B0F52BA1 /* ScheduleMapper.swift in Sources */,
				AD960A518D753F00F121544C /* SectionMapper.swift in Sources */,
				33E37B74A4AEF4B3F4536192 /* SettingInfoMapper.swift in Sources */,
				F72206634767625B7CAE2BD9 /* ThemeMapper.swift in Sources */,
				699D29F4F4F1E88160772C1D /* ThemePreviewMapper.swift in Sources */,
				B9FCEFA7D47EB94AFD1D2952 /* TimeTableDetailMapper.swift in Sources */,
				5D346D9418C2A8777D18FF5A /* TimeTableMapper.swift in Sources */,
				F23164D1DB4C723B64B56B83 /* ProfileMapper.swift in Sources */,
				889B25A01765F9839CACD433 /* UserMapper.swift in Sources */,
				6FDC1159820FF71673203A35 /* AuthRepository.swift in Sources */,
				0F01D714A66163C0574A334D /* HeyRepository.swift in Sources */,
				BD78AD2EBCCB296065FCE53B /* LectureRepository.swift in Sources */,
				C177571D439E2FCFF7358DB6 /* ScheduleRepository.swift in Sources */,
				B45057DB20FA288CAB59A1C5 /* SectionRepository.swift in Sources */,
				0BD183B72FF8D83B318499D3 /* SettingRepository.swift in Sources */,
				1A8E1DAC9A5430BDA905E937 /* TimeTableRepository.swift in Sources */,
				5166DA66C7DEC6C87ADD5908 /* UserRepository.swift in Sources */,
				934C769A20EA579B071672E0 /* UserDefaultWrapper.swift in Sources */,
				638DCDB9E60B074800BAAC44 /* UserDefaultsManager.swift in Sources */,
			);
			runOnlyForDeploymentPostprocessing = 0;
		};
/* End PBXSourcesBuildPhase section */

/* Begin XCBuildConfiguration section */
		2E15108EFD82B804BB1BF079 /* Development */ = {
			isa = XCBuildConfiguration;
			buildSettings = {
				CODE_SIGN_IDENTITY = "";
				CURRENT_PROJECT_VERSION = 1;
				DEFINES_MODULE = YES;
				DYLIB_COMPATIBILITY_VERSION = 1;
				DYLIB_CURRENT_VERSION = 1;
				DYLIB_INSTALL_NAME_BASE = "@rpath";
				INFOPLIST_FILE = "Derived/InfoPlists/Data-Info.plist";
				INSTALL_PATH = "$(LOCAL_LIBRARY_DIR)/Frameworks";
				IPHONEOS_DEPLOYMENT_TARGET = 16.0;
				LD_RUNPATH_SEARCH_PATHS = (
					"$(inherited)",
					"@executable_path/Frameworks",
					"@loader_path/Frameworks",
				);
				MACH_O_TYPE = staticlib;
				PRODUCT_BUNDLE_IDENTIFIER = "com.heeom.Heylets-iOS.Data";
				PRODUCT_NAME = Data;
				SDKROOT = iphoneos;
				SKIP_INSTALL = YES;
				SUPPORTS_MACCATALYST = NO;
				SUPPORTS_MAC_DESIGNED_FOR_IPHONE_IPAD = YES;
				SUPPORTS_XR_DESIGNED_FOR_IPHONE_IPAD = NO;
				SWIFT_ACTIVE_COMPILATION_CONDITIONS = DEBUG;
				SWIFT_COMPILATION_MODE = singlefile;
				SWIFT_OPTIMIZATION_LEVEL = "-Onone";
				SWIFT_VERSION = 5.0;
				TARGETED_DEVICE_FAMILY = 1;
				VERSIONING_SYSTEM = "apple-generic";
				VERSION_INFO_PREFIX = "";
			};
			name = Development;
		};
		314CC73A349B177A472C785F /* PROD */ = {
			isa = XCBuildConfiguration;
			buildSettings = {
				CODE_SIGN_IDENTITY = "";
				CURRENT_PROJECT_VERSION = 1;
				DEFINES_MODULE = YES;
				DYLIB_COMPATIBILITY_VERSION = 1;
				DYLIB_CURRENT_VERSION = 1;
				DYLIB_INSTALL_NAME_BASE = "@rpath";
				INFOPLIST_FILE = "Derived/InfoPlists/Data-Info.plist";
				INSTALL_PATH = "$(LOCAL_LIBRARY_DIR)/Frameworks";
				IPHONEOS_DEPLOYMENT_TARGET = 16.0;
				LD_RUNPATH_SEARCH_PATHS = (
					"$(inherited)",
					"@executable_path/Frameworks",
					"@loader_path/Frameworks",
				);
				MACH_O_TYPE = staticlib;
				PRODUCT_BUNDLE_IDENTIFIER = "com.heeom.Heylets-iOS.Data";
				PRODUCT_NAME = Data;
				SDKROOT = iphoneos;
				SKIP_INSTALL = YES;
				SUPPORTS_MACCATALYST = NO;
				SUPPORTS_MAC_DESIGNED_FOR_IPHONE_IPAD = YES;
				SUPPORTS_XR_DESIGNED_FOR_IPHONE_IPAD = NO;
				SWIFT_COMPILATION_MODE = wholemodule;
				SWIFT_OPTIMIZATION_LEVEL = "-Owholemodule";
				SWIFT_VERSION = 5.0;
				TARGETED_DEVICE_FAMILY = 1;
				VERSIONING_SYSTEM = "apple-generic";
				VERSION_INFO_PREFIX = "";
			};
			name = PROD;
		};
		7E17B2D450BC5099B18363B4 /* QA */ = {
			isa = XCBuildConfiguration;
			buildSettings = {
				CODE_SIGN_IDENTITY = "";
				CURRENT_PROJECT_VERSION = 1;
				DEFINES_MODULE = YES;
				DYLIB_COMPATIBILITY_VERSION = 1;
				DYLIB_CURRENT_VERSION = 1;
				DYLIB_INSTALL_NAME_BASE = "@rpath";
				INFOPLIST_FILE = "Derived/InfoPlists/Data-Info.plist";
				INSTALL_PATH = "$(LOCAL_LIBRARY_DIR)/Frameworks";
				IPHONEOS_DEPLOYMENT_TARGET = 16.0;
				LD_RUNPATH_SEARCH_PATHS = (
					"$(inherited)",
					"@executable_path/Frameworks",
					"@loader_path/Frameworks",
				);
				MACH_O_TYPE = staticlib;
				PRODUCT_BUNDLE_IDENTIFIER = "com.heeom.Heylets-iOS.Data";
				PRODUCT_NAME = Data;
				SDKROOT = iphoneos;
				SKIP_INSTALL = YES;
				SUPPORTS_MACCATALYST = NO;
				SUPPORTS_MAC_DESIGNED_FOR_IPHONE_IPAD = YES;
				SUPPORTS_XR_DESIGNED_FOR_IPHONE_IPAD = NO;
				SWIFT_ACTIVE_COMPILATION_CONDITIONS = DEBUG;
				SWIFT_COMPILATION_MODE = singlefile;
				SWIFT_OPTIMIZATION_LEVEL = "-Onone";
				SWIFT_VERSION = 5.0;
				TARGETED_DEVICE_FAMILY = 1;
				VERSIONING_SYSTEM = "apple-generic";
				VERSION_INFO_PREFIX = "";
			};
			name = QA;
		};
		932C45B938027258F95BE74A /* QA */ = {
			isa = XCBuildConfiguration;
			baseConfigurationReference = FAD206D307927CD25EE02B31 /* QA.xcconfig */;
			buildSettings = {
				ALWAYS_SEARCH_USER_PATHS = NO;
				CLANG_ANALYZER_LOCALIZABILITY_NONLOCALIZED = YES;
				CLANG_ANALYZER_NONNULL = YES;
				CLANG_ANALYZER_NUMBER_OBJECT_CONVERSION = YES_AGGRESSIVE;
				CLANG_CXX_LANGUAGE_STANDARD = "gnu++14";
				CLANG_CXX_LIBRARY = "libc++";
				CLANG_ENABLE_MODULES = YES;
				CLANG_ENABLE_OBJC_ARC = YES;
				CLANG_ENABLE_OBJC_WEAK = YES;
				CLANG_WARN_BLOCK_CAPTURE_AUTORELEASING = YES;
				CLANG_WARN_BOOL_CONVERSION = YES;
				CLANG_WARN_COMMA = YES;
				CLANG_WARN_CONSTANT_CONVERSION = YES;
				CLANG_WARN_DEPRECATED_OBJC_IMPLEMENTATIONS = YES;
				CLANG_WARN_DIRECT_OBJC_ISA_USAGE = YES_ERROR;
				CLANG_WARN_DOCUMENTATION_COMMENTS = YES;
				CLANG_WARN_EMPTY_BODY = YES;
				CLANG_WARN_ENUM_CONVERSION = YES;
				CLANG_WARN_INFINITE_RECURSION = YES;
				CLANG_WARN_INT_CONVERSION = YES;
				CLANG_WARN_NON_LITERAL_NULL_CONVERSION = YES;
				CLANG_WARN_OBJC_IMPLICIT_RETAIN_SELF = YES;
				CLANG_WARN_OBJC_LITERAL_CONVERSION = YES;
				CLANG_WARN_OBJC_ROOT_CLASS = YES_ERROR;
				CLANG_WARN_QUOTED_INCLUDE_IN_FRAMEWORK_HEADER = YES;
				CLANG_WARN_RANGE_LOOP_ANALYSIS = YES;
				CLANG_WARN_STRICT_PROTOTYPES = YES;
				CLANG_WARN_SUSPICIOUS_MOVE = YES;
				CLANG_WARN_UNGUARDED_AVAILABILITY = YES_AGGRESSIVE;
				CLANG_WARN_UNREACHABLE_CODE = YES;
				CLANG_WARN__DUPLICATE_METHOD_MATCH = YES;
				COPY_PHASE_STRIP = NO;
				DEAD_CODE_STRIPPING = YES;
				DEBUG_INFORMATION_FORMAT = dwarf;
				ENABLE_STRICT_OBJC_MSGSEND = YES;
				ENABLE_TESTABILITY = YES;
				GCC_C_LANGUAGE_STANDARD = gnu11;
				GCC_DYNAMIC_NO_PIC = NO;
				GCC_NO_COMMON_BLOCKS = YES;
				GCC_OPTIMIZATION_LEVEL = 0;
				GCC_PREPROCESSOR_DEFINITIONS = (
					"DEBUG=1",
					"$(inherited)",
				);
				GCC_WARN_64_TO_32_BIT_CONVERSION = YES;
				GCC_WARN_ABOUT_RETURN_TYPE = YES_ERROR;
				GCC_WARN_UNDECLARED_SELECTOR = YES;
				GCC_WARN_UNINITIALIZED_AUTOS = YES_AGGRESSIVE;
				GCC_WARN_UNUSED_FUNCTION = YES;
				GCC_WARN_UNUSED_VARIABLE = YES;
				MTL_ENABLE_DEBUG_INFO = YES;
				ONLY_ACTIVE_ARCH = YES;
				PRODUCT_NAME = "$(TARGET_NAME)";
			};
			name = QA;
		};
		D9020ECB3D6EAF4C5335E50F /* Development */ = {
			isa = XCBuildConfiguration;
			baseConfigurationReference = 15980EA53249EF851696B154 /* DEV.xcconfig */;
			buildSettings = {
				ALWAYS_SEARCH_USER_PATHS = NO;
				CLANG_ANALYZER_LOCALIZABILITY_NONLOCALIZED = YES;
				CLANG_ANALYZER_NONNULL = YES;
				CLANG_ANALYZER_NUMBER_OBJECT_CONVERSION = YES_AGGRESSIVE;
				CLANG_CXX_LANGUAGE_STANDARD = "gnu++14";
				CLANG_CXX_LIBRARY = "libc++";
				CLANG_ENABLE_MODULES = YES;
				CLANG_ENABLE_OBJC_ARC = YES;
				CLANG_ENABLE_OBJC_WEAK = YES;
				CLANG_WARN_BLOCK_CAPTURE_AUTORELEASING = YES;
				CLANG_WARN_BOOL_CONVERSION = YES;
				CLANG_WARN_COMMA = YES;
				CLANG_WARN_CONSTANT_CONVERSION = YES;
				CLANG_WARN_DEPRECATED_OBJC_IMPLEMENTATIONS = YES;
				CLANG_WARN_DIRECT_OBJC_ISA_USAGE = YES_ERROR;
				CLANG_WARN_DOCUMENTATION_COMMENTS = YES;
				CLANG_WARN_EMPTY_BODY = YES;
				CLANG_WARN_ENUM_CONVERSION = YES;
				CLANG_WARN_INFINITE_RECURSION = YES;
				CLANG_WARN_INT_CONVERSION = YES;
				CLANG_WARN_NON_LITERAL_NULL_CONVERSION = YES;
				CLANG_WARN_OBJC_IMPLICIT_RETAIN_SELF = YES;
				CLANG_WARN_OBJC_LITERAL_CONVERSION = YES;
				CLANG_WARN_OBJC_ROOT_CLASS = YES_ERROR;
				CLANG_WARN_QUOTED_INCLUDE_IN_FRAMEWORK_HEADER = YES;
				CLANG_WARN_RANGE_LOOP_ANALYSIS = YES;
				CLANG_WARN_STRICT_PROTOTYPES = YES;
				CLANG_WARN_SUSPICIOUS_MOVE = YES;
				CLANG_WARN_UNGUARDED_AVAILABILITY = YES_AGGRESSIVE;
				CLANG_WARN_UNREACHABLE_CODE = YES;
				CLANG_WARN__DUPLICATE_METHOD_MATCH = YES;
				COPY_PHASE_STRIP = NO;
				DEAD_CODE_STRIPPING = YES;
				DEBUG_INFORMATION_FORMAT = dwarf;
				ENABLE_STRICT_OBJC_MSGSEND = YES;
				ENABLE_TESTABILITY = YES;
				GCC_C_LANGUAGE_STANDARD = gnu11;
				GCC_DYNAMIC_NO_PIC = NO;
				GCC_NO_COMMON_BLOCKS = YES;
				GCC_OPTIMIZATION_LEVEL = 0;
				GCC_PREPROCESSOR_DEFINITIONS = (
					"DEBUG=1",
					"$(inherited)",
				);
				GCC_WARN_64_TO_32_BIT_CONVERSION = YES;
				GCC_WARN_ABOUT_RETURN_TYPE = YES_ERROR;
				GCC_WARN_UNDECLARED_SELECTOR = YES;
				GCC_WARN_UNINITIALIZED_AUTOS = YES_AGGRESSIVE;
				GCC_WARN_UNUSED_FUNCTION = YES;
				GCC_WARN_UNUSED_VARIABLE = YES;
				MTL_ENABLE_DEBUG_INFO = YES;
				ONLY_ACTIVE_ARCH = YES;
				PRODUCT_NAME = "$(TARGET_NAME)";
			};
			name = Development;
		};
		F450D3AC24C66485B78BFE3E /* PROD */ = {
			isa = XCBuildConfiguration;
			baseConfigurationReference = A67C952C43849B8D90371905 /* PROD.xcconfig */;
			buildSettings = {
				ALWAYS_SEARCH_USER_PATHS = NO;
				CLANG_ANALYZER_LOCALIZABILITY_NONLOCALIZED = YES;
				CLANG_ANALYZER_NONNULL = YES;
				CLANG_ANALYZER_NUMBER_OBJECT_CONVERSION = YES_AGGRESSIVE;
				CLANG_CXX_LANGUAGE_STANDARD = "gnu++14";
				CLANG_CXX_LIBRARY = "libc++";
				CLANG_ENABLE_MODULES = YES;
				CLANG_ENABLE_OBJC_ARC = YES;
				CLANG_ENABLE_OBJC_WEAK = YES;
				CLANG_WARN_BLOCK_CAPTURE_AUTORELEASING = YES;
				CLANG_WARN_BOOL_CONVERSION = YES;
				CLANG_WARN_COMMA = YES;
				CLANG_WARN_CONSTANT_CONVERSION = YES;
				CLANG_WARN_DEPRECATED_OBJC_IMPLEMENTATIONS = YES;
				CLANG_WARN_DIRECT_OBJC_ISA_USAGE = YES_ERROR;
				CLANG_WARN_DOCUMENTATION_COMMENTS = YES;
				CLANG_WARN_EMPTY_BODY = YES;
				CLANG_WARN_ENUM_CONVERSION = YES;
				CLANG_WARN_INFINITE_RECURSION = YES;
				CLANG_WARN_INT_CONVERSION = YES;
				CLANG_WARN_NON_LITERAL_NULL_CONVERSION = YES;
				CLANG_WARN_OBJC_IMPLICIT_RETAIN_SELF = YES;
				CLANG_WARN_OBJC_LITERAL_CONVERSION = YES;
				CLANG_WARN_OBJC_ROOT_CLASS = YES_ERROR;
				CLANG_WARN_QUOTED_INCLUDE_IN_FRAMEWORK_HEADER = YES;
				CLANG_WARN_RANGE_LOOP_ANALYSIS = YES;
				CLANG_WARN_STRICT_PROTOTYPES = YES;
				CLANG_WARN_SUSPICIOUS_MOVE = YES;
				CLANG_WARN_UNGUARDED_AVAILABILITY = YES_AGGRESSIVE;
				CLANG_WARN_UNREACHABLE_CODE = YES;
				CLANG_WARN__DUPLICATE_METHOD_MATCH = YES;
				COPY_PHASE_STRIP = NO;
				DEAD_CODE_STRIPPING = YES;
				DEBUG_INFORMATION_FORMAT = "dwarf-with-dsym";
				ENABLE_NS_ASSERTIONS = NO;
				ENABLE_STRICT_OBJC_MSGSEND = YES;
				GCC_C_LANGUAGE_STANDARD = gnu11;
				GCC_NO_COMMON_BLOCKS = YES;
				GCC_WARN_64_TO_32_BIT_CONVERSION = YES;
				GCC_WARN_ABOUT_RETURN_TYPE = YES_ERROR;
				GCC_WARN_UNDECLARED_SELECTOR = YES;
				GCC_WARN_UNINITIALIZED_AUTOS = YES_AGGRESSIVE;
				GCC_WARN_UNUSED_FUNCTION = YES;
				GCC_WARN_UNUSED_VARIABLE = YES;
				MTL_ENABLE_DEBUG_INFO = NO;
				PRODUCT_NAME = "$(TARGET_NAME)";
				VALIDATE_PRODUCT = YES;
			};
			name = PROD;
		};
/* End XCBuildConfiguration section */

/* Begin XCConfigurationList section */
		36E6DF242C12BC0663933DC9 /* Build configuration list for PBXNativeTarget "Data" */ = {
			isa = XCConfigurationList;
			buildConfigurations = (
				2E15108EFD82B804BB1BF079 /* Development */,
				314CC73A349B177A472C785F /* PROD */,
				7E17B2D450BC5099B18363B4 /* QA */,
			);
			defaultConfigurationIsVisible = 0;
			defaultConfigurationName = PROD;
		};
		BDB112DA78B2B42275EC3A62 /* Build configuration list for PBXProject "Data" */ = {
			isa = XCConfigurationList;
			buildConfigurations = (
				D9020ECB3D6EAF4C5335E50F /* Development */,
				F450D3AC24C66485B78BFE3E /* PROD */,
				932C45B938027258F95BE74A /* QA */,
			);
			defaultConfigurationIsVisible = 0;
			defaultConfigurationName = PROD;
		};
/* End XCConfigurationList section */
	};
	rootObject = 848E6C78DE33F20387FB92DE /* Project object */;
}
