// !$*UTF8*$!
{
	archiveVersion = 1;
	classes = {
	};
	objectVersion = 55;
	objects = {

/* Begin PBXBuildFile section */
		0698E1F3A2D90F713327B65D /* TimeTableView.swift in Sources */ = {isa = PBXBuildFile; fileRef = EFD64E80BA6CF742A26DE32C /* TimeTableView.swift */; };
		06F2A05C56801620FF2074EA /* TimeTableTopView.swift in Sources */ = {isa = PBXBuildFile; fileRef = 4E67B399515CA06D83833607 /* TimeTableTopView.swift */; };
		1E710401B5711C560214CB9D /* SettingTimeTableViewModel.swift in Sources */ = {isa = PBXBuildFile; fileRef = 2F513EF652BEBEC3A8CEEE0D /* SettingTimeTableViewModel.swift */; };
		2992D245F7336F7A28F6DA1C /* SettingTimeTableInfoView.swift in Sources */ = {isa = PBXBuildFile; fileRef = 3B454E52F6163EB88A926AF3 /* SettingTimeTableInfoView.swift */; };
		2A403A67B67809A8E2ADD064 /* ThemeTopView.swift in Sources */ = {isa = PBXBuildFile; fileRef = 22D00BE1C2D8B1291A2CF642 /* ThemeTopView.swift */; };
		2A922332277211233AA68337 /* SearchModuleView.swift in Sources */ = {isa = PBXBuildFile; fileRef = 248EBED3F6A96AC1839AE8AB /* SearchModuleView.swift */; };
		37C2514114DEB33E3F358863 /* SearchModuleTopView.swift in Sources */ = {isa = PBXBuildFile; fileRef = C4C4FB888E462B6DFD7A0E9D /* SearchModuleTopView.swift */; };
		6226F6DF98DF0CAE50634F36 /* ReportMissingModuleView.swift in Sources */ = {isa = PBXBuildFile; fileRef = 388E48D05DB927F1CCD879A6 /* ReportMissingModuleView.swift */; };
		6405C4D6C43B6F0059431711 /* AddCustomModuleViewModel.swift in Sources */ = {isa = PBXBuildFile; fileRef = BB6851ADFA73937A32B48911 /* AddCustomModuleViewModel.swift */; };
		65DAA62AE8AD397853EDA8C4 /* TimeTableGridView.swift in Sources */ = {isa = PBXBuildFile; fileRef = 3232520E95E04AD747B56BDE /* TimeTableGridView.swift */; };
		6A5B545FE80D7AE982030907 /* TimeTableMainView.swift in Sources */ = {isa = PBXBuildFile; fileRef = 618ED9ACD1042BDDB1A06D22 /* TimeTableMainView.swift */; };
		7BA25CAEB76C13C691D14257 /* BaseFeatureDependency.framework in Frameworks */ = {isa = PBXBuildFile; fileRef = C00E483A059858CE6553711F /* BaseFeatureDependency.framework */; };
		8059C243FC7E6B057ED988A8 /* AddCustomModuleView.swift in Sources */ = {isa = PBXBuildFile; fileRef = ABDF583DF9DD52DB14C76D5D /* AddCustomModuleView.swift */; };
		81C5C7499D9ABC1166BAA177 /* TimeTableFeatureInterface.framework in Frameworks */ = {isa = PBXBuildFile; fileRef = C4939CCB6473BD917C8BB764 /* TimeTableFeatureInterface.framework */; };
		9130926220B55EE02B024D62 /* example.swift in Sources */ = {isa = PBXBuildFile; fileRef = 7DD79E350722F65451AC6B98 /* example.swift */; };
		93C135C6B3DA973D0F644FE9 /* ThemeViewModel.swift in Sources */ = {isa = PBXBuildFile; fileRef = A6E8402C585FE2D371D43C9F /* ThemeViewModel.swift */; };
		9AD3D99025C9F48AB42B830A /* CaptureView.swift in Sources */ = {isa = PBXBuildFile; fileRef = FA6BE694AE39B53BA80F9511 /* CaptureView.swift */; };
		ABA3E266215E68B8DD6E072C /* DetailModuleInfoView.swift in Sources */ = {isa = PBXBuildFile; fileRef = 7906DDABA1EC6F4F777514FE /* DetailModuleInfoView.swift */; };
		B2820B3951EBF5BD401CD178 /* TimeTableViewModel.swift in Sources */ = {isa = PBXBuildFile; fileRef = 722CB8E044E0BEFA62B87CA7 /* TimeTableViewModel.swift */; };
		B92B99C7CA2AB7132E0FB057 /* SearchModuleViewModel.swift in Sources */ = {isa = PBXBuildFile; fileRef = 4133000C9ADBDEE1F1D84D8F /* SearchModuleViewModel.swift */; };
		C16DAD4616C6025F7E2AA032 /* HourListView.swift in Sources */ = {isa = PBXBuildFile; fileRef = BA6CEA8408745F948A4598A7 /* HourListView.swift */; };
		CC4F3414889ECEF46043ABE1 /* WeeklyListView.swift in Sources */ = {isa = PBXBuildFile; fileRef = EB0C99A51C7115D0AE9BC1CE /* WeeklyListView.swift */; };
		D381FAB903CAB1DCDA4A7433 /* SettingTimeTableView.swift in Sources */ = {isa = PBXBuildFile; fileRef = 5B9C2A2B23EAAE3866EBB70A /* SettingTimeTableView.swift */; };
		EA72828A05ACD244858DC32A /* SettingTimeTableAlertView.swift in Sources */ = {isa = PBXBuildFile; fileRef = BFAC40603F3DF6F5C96084D0 /* SettingTimeTableAlertView.swift */; };
		F470BC8B78A9F2139DB1D5E0 /* AddCustomModuleTopView.swift in Sources */ = {isa = PBXBuildFile; fileRef = 2874E95966189607DD89F212 /* AddCustomModuleTopView.swift */; };
/* End PBXBuildFile section */

/* Begin PBXContainerItemProxy section */
		27EFEBA747DF029BB72D4696 /* PBXContainerItemProxy */ = {
			isa = PBXContainerItemProxy;
			containerPortal = 0E176F1D3759AE6BD8A0A03D /* Project object */;
			proxyType = 1;
			remoteGlobalIDString = C82AD69D8C41214FAEE828D9;
			remoteInfo = TimeTableFeatureInterface;
		};
/* End PBXContainerItemProxy section */

/* Begin PBXCopyFilesBuildPhase section */
		3BE69B3FA31FC1DF833D9884 /* Embed Frameworks */ = {
			isa = PBXCopyFilesBuildPhase;
			buildActionMask = 2147483647;
			dstPath = "";
			dstSubfolderSpec = 10;
			files = (
			);
			name = "Embed Frameworks";
			runOnlyForDeploymentPostprocessing = 0;
		};
		7CDBFA307B1C1674D465986C /* Embed Frameworks */ = {
			isa = PBXCopyFilesBuildPhase;
			buildActionMask = 2147483647;
			dstPath = "";
			dstSubfolderSpec = 10;
			files = (
			);
			name = "Embed Frameworks";
			runOnlyForDeploymentPostprocessing = 0;
		};
/* End PBXCopyFilesBuildPhase section */

/* Begin PBXFileReference section */
		22D00BE1C2D8B1291A2CF642 /* ThemeTopView.swift */ = {isa = PBXFileReference; lastKnownFileType = sourcecode.swift; path = ThemeTopView.swift; sourceTree = "<group>"; };
		248EBED3F6A96AC1839AE8AB /* SearchModuleView.swift */ = {isa = PBXFileReference; lastKnownFileType = sourcecode.swift; path = SearchModuleView.swift; sourceTree = "<group>"; };
		2874E95966189607DD89F212 /* AddCustomModuleTopView.swift */ = {isa = PBXFileReference; lastKnownFileType = sourcecode.swift; path = AddCustomModuleTopView.swift; sourceTree = "<group>"; };
		2F513EF652BEBEC3A8CEEE0D /* SettingTimeTableViewModel.swift */ = {isa = PBXFileReference; lastKnownFileType = sourcecode.swift; path = SettingTimeTableViewModel.swift; sourceTree = "<group>"; };
		3232520E95E04AD747B56BDE /* TimeTableGridView.swift */ = {isa = PBXFileReference; lastKnownFileType = sourcecode.swift; path = TimeTableGridView.swift; sourceTree = "<group>"; };
		388E48D05DB927F1CCD879A6 /* ReportMissingModuleView.swift */ = {isa = PBXFileReference; lastKnownFileType = sourcecode.swift; path = ReportMissingModuleView.swift; sourceTree = "<group>"; };
		3B454E52F6163EB88A926AF3 /* SettingTimeTableInfoView.swift */ = {isa = PBXFileReference; lastKnownFileType = sourcecode.swift; path = SettingTimeTableInfoView.swift; sourceTree = "<group>"; };
		4133000C9ADBDEE1F1D84D8F /* SearchModuleViewModel.swift */ = {isa = PBXFileReference; lastKnownFileType = sourcecode.swift; path = SearchModuleViewModel.swift; sourceTree = "<group>"; };
		4E67B399515CA06D83833607 /* TimeTableTopView.swift */ = {isa = PBXFileReference; lastKnownFileType = sourcecode.swift; path = TimeTableTopView.swift; sourceTree = "<group>"; };
		545258D5A0F5FA256F1C2DC1 /* QA.xcconfig */ = {isa = PBXFileReference; lastKnownFileType = text.xcconfig; path = QA.xcconfig; sourceTree = "<group>"; };
		5B9C2A2B23EAAE3866EBB70A /* SettingTimeTableView.swift */ = {isa = PBXFileReference; lastKnownFileType = sourcecode.swift; path = SettingTimeTableView.swift; sourceTree = "<group>"; };
		618ED9ACD1042BDDB1A06D22 /* TimeTableMainView.swift */ = {isa = PBXFileReference; lastKnownFileType = sourcecode.swift; path = TimeTableMainView.swift; sourceTree = "<group>"; };
		63868C65784C11A4D8C77C59 /* TimeTableFeature-Info.plist */ = {isa = PBXFileReference; lastKnownFileType = text.plist; path = "TimeTableFeature-Info.plist"; sourceTree = "<group>"; };
		6D13F4D80BBB66929C082D5D /* PROD.xcconfig */ = {isa = PBXFileReference; lastKnownFileType = text.xcconfig; path = PROD.xcconfig; sourceTree = "<group>"; };
		722CB8E044E0BEFA62B87CA7 /* TimeTableViewModel.swift */ = {isa = PBXFileReference; lastKnownFileType = sourcecode.swift; path = TimeTableViewModel.swift; sourceTree = "<group>"; };
		7906DDABA1EC6F4F777514FE /* DetailModuleInfoView.swift */ = {isa = PBXFileReference; lastKnownFileType = sourcecode.swift; path = DetailModuleInfoView.swift; sourceTree = "<group>"; };
		7DBBC70C18F799BE322E653B /* TimeTableFeature.framework */ = {isa = PBXFileReference; explicitFileType = wrapper.framework; includeInIndex = 0; path = TimeTableFeature.framework; sourceTree = BUILT_PRODUCTS_DIR; };
		7DD79E350722F65451AC6B98 /* example.swift */ = {isa = PBXFileReference; lastKnownFileType = sourcecode.swift; path = example.swift; sourceTree = "<group>"; };
		8B74B3A1A52D8C57ECD798C4 /* DEV.xcconfig */ = {isa = PBXFileReference; lastKnownFileType = text.xcconfig; path = DEV.xcconfig; sourceTree = "<group>"; };
		A6E8402C585FE2D371D43C9F /* ThemeViewModel.swift */ = {isa = PBXFileReference; lastKnownFileType = sourcecode.swift; path = ThemeViewModel.swift; sourceTree = "<group>"; };
		ABDF583DF9DD52DB14C76D5D /* AddCustomModuleView.swift */ = {isa = PBXFileReference; lastKnownFileType = sourcecode.swift; path = AddCustomModuleView.swift; sourceTree = "<group>"; };
		BA6CEA8408745F948A4598A7 /* HourListView.swift */ = {isa = PBXFileReference; lastKnownFileType = sourcecode.swift; path = HourListView.swift; sourceTree = "<group>"; };
		BB6851ADFA73937A32B48911 /* AddCustomModuleViewModel.swift */ = {isa = PBXFileReference; lastKnownFileType = sourcecode.swift; path = AddCustomModuleViewModel.swift; sourceTree = "<group>"; };
		BFAC40603F3DF6F5C96084D0 /* SettingTimeTableAlertView.swift */ = {isa = PBXFileReference; lastKnownFileType = sourcecode.swift; path = SettingTimeTableAlertView.swift; sourceTree = "<group>"; };
		C00E483A059858CE6553711F /* BaseFeatureDependency.framework */ = {isa = PBXFileReference; explicitFileType = wrapper.framework; includeInIndex = 0; path = BaseFeatureDependency.framework; sourceTree = BUILT_PRODUCTS_DIR; };
		C4939CCB6473BD917C8BB764 /* TimeTableFeatureInterface.framework */ = {isa = PBXFileReference; explicitFileType = wrapper.framework; includeInIndex = 0; path = TimeTableFeatureInterface.framework; sourceTree = BUILT_PRODUCTS_DIR; };
		C4C4FB888E462B6DFD7A0E9D /* SearchModuleTopView.swift */ = {isa = PBXFileReference; lastKnownFileType = sourcecode.swift; path = SearchModuleTopView.swift; sourceTree = "<group>"; };
		E03FC6C53959B869DF3EC69B /* TimeTableFeatureInterface-Info.plist */ = {isa = PBXFileReference; lastKnownFileType = text.plist; path = "TimeTableFeatureInterface-Info.plist"; sourceTree = "<group>"; };
		EB0C99A51C7115D0AE9BC1CE /* WeeklyListView.swift */ = {isa = PBXFileReference; lastKnownFileType = sourcecode.swift; path = WeeklyListView.swift; sourceTree = "<group>"; };
		EFD64E80BA6CF742A26DE32C /* TimeTableView.swift */ = {isa = PBXFileReference; lastKnownFileType = sourcecode.swift; path = TimeTableView.swift; sourceTree = "<group>"; };
		FA6BE694AE39B53BA80F9511 /* CaptureView.swift */ = {isa = PBXFileReference; lastKnownFileType = sourcecode.swift; path = CaptureView.swift; sourceTree = "<group>"; };
/* End PBXFileReference section */

/* Begin PBXFrameworksBuildPhase section */
		0765339C9842F6507F003A32 /* Frameworks */ = {
			isa = PBXFrameworksBuildPhase;
			buildActionMask = 2147483647;
			files = (
				7BA25CAEB76C13C691D14257 /* BaseFeatureDependency.framework in Frameworks */,
			);
			runOnlyForDeploymentPostprocessing = 0;
		};
		5EB8F8561EED08E65829E9F0 /* Frameworks */ = {
			isa = PBXFrameworksBuildPhase;
			buildActionMask = 2147483647;
			files = (
				81C5C7499D9ABC1166BAA177 /* TimeTableFeatureInterface.framework in Frameworks */,
			);
			runOnlyForDeploymentPostprocessing = 0;
		};
/* End PBXFrameworksBuildPhase section */

/* Begin PBXGroup section */
		0B6979BB14AF9CD328F29345 /* Frameworks */ = {
			isa = PBXGroup;
			children = (
			);
			name = Frameworks;
			sourceTree = "<group>";
		};
		17FA338B005E282D617D854C /* Main */ = {
			isa = PBXGroup;
			children = (
				BA6CEA8408745F948A4598A7 /* HourListView.swift */,
				3232520E95E04AD747B56BDE /* TimeTableGridView.swift */,
				618ED9ACD1042BDDB1A06D22 /* TimeTableMainView.swift */,
				EB0C99A51C7115D0AE9BC1CE /* WeeklyListView.swift */,
			);
			path = Main;
			sourceTree = "<group>";
		};
		2F0BCB2461D369A012ADCAC8 /* Products */ = {
			isa = PBXGroup;
			children = (
				C00E483A059858CE6553711F /* BaseFeatureDependency.framework */,
				7DBBC70C18F799BE322E653B /* TimeTableFeature.framework */,
				C4939CCB6473BD917C8BB764 /* TimeTableFeatureInterface.framework */,
			);
			name = Products;
			sourceTree = "<group>";
		};
		35627C1D4E98036BC154FC0F /* ViewModel */ = {
			isa = PBXGroup;
			children = (
				CAEF7B9EC438C04D13FA70E2 /* BottomSheet */,
				722CB8E044E0BEFA62B87CA7 /* TimeTableViewModel.swift */,
			);
			path = ViewModel;
			sourceTree = "<group>";
		};
		4F00C23B6B83ACB0B8D4134A /* Sources */ = {
			isa = PBXGroup;
			children = (
				7DD79E350722F65451AC6B98 /* example.swift */,
			);
			path = Sources;
			sourceTree = "<group>";
		};
		57F7A05146E67C63F011EFA2 /* Top */ = {
			isa = PBXGroup;
			children = (
				2874E95966189607DD89F212 /* AddCustomModuleTopView.swift */,
				C4C4FB888E462B6DFD7A0E9D /* SearchModuleTopView.swift */,
				22D00BE1C2D8B1291A2CF642 /* ThemeTopView.swift */,
				4E67B399515CA06D83833607 /* TimeTableTopView.swift */,
			);
			path = Top;
			sourceTree = "<group>";
		};
		835AEA1F519844F3B5819419 /* InfoPlists */ = {
			isa = PBXGroup;
			children = (
				63868C65784C11A4D8C77C59 /* TimeTableFeature-Info.plist */,
				E03FC6C53959B869DF3EC69B /* TimeTableFeatureInterface-Info.plist */,
			);
			path = InfoPlists;
			sourceTree = "<group>";
		};
		8A1A30C74D18BDFA0118183B /* Derived */ = {
			isa = PBXGroup;
			children = (
				835AEA1F519844F3B5819419 /* InfoPlists */,
			);
			path = Derived;
			sourceTree = "<group>";
		};
		909ABD24CDC04DE4C18F941C = {
			isa = PBXGroup;
			children = (
				A77CBA61B19ADF163202438D /* Project */,
				0B6979BB14AF9CD328F29345 /* Frameworks */,
				2F0BCB2461D369A012ADCAC8 /* Products */,
			);
			sourceTree = "<group>";
		};
		90F3681D3642B32DDB15DB51 /* Interface */ = {
			isa = PBXGroup;
			children = (
				4F00C23B6B83ACB0B8D4134A /* Sources */,
			);
			path = Interface;
			sourceTree = "<group>";
		};
		A2BAD0973B1B071B60C0A40D /* BottomSheet */ = {
			isa = PBXGroup;
			children = (
				ABDF583DF9DD52DB14C76D5D /* AddCustomModuleView.swift */,
				7906DDABA1EC6F4F777514FE /* DetailModuleInfoView.swift */,
				388E48D05DB927F1CCD879A6 /* ReportMissingModuleView.swift */,
				248EBED3F6A96AC1839AE8AB /* SearchModuleView.swift */,
				BFAC40603F3DF6F5C96084D0 /* SettingTimeTableAlertView.swift */,
				3B454E52F6163EB88A926AF3 /* SettingTimeTableInfoView.swift */,
				5B9C2A2B23EAAE3866EBB70A /* SettingTimeTableView.swift */,
			);
			path = BottomSheet;
			sourceTree = "<group>";
		};
		A77CBA61B19ADF163202438D /* Project */ = {
			isa = PBXGroup;
			children = (
				8A1A30C74D18BDFA0118183B /* Derived */,
				90F3681D3642B32DDB15DB51 /* Interface */,
				F1F46C4C3769311843CD38CA /* Sources */,
				D1E41A663C4E53F0D6809707 /* XCConfig */,
			);
			name = Project;
			sourceTree = "<group>";
		};
		CAEF7B9EC438C04D13FA70E2 /* BottomSheet */ = {
			isa = PBXGroup;
			children = (
				BB6851ADFA73937A32B48911 /* AddCustomModuleViewModel.swift */,
				4133000C9ADBDEE1F1D84D8F /* SearchModuleViewModel.swift */,
				2F513EF652BEBEC3A8CEEE0D /* SettingTimeTableViewModel.swift */,
				A6E8402C585FE2D371D43C9F /* ThemeViewModel.swift */,
			);
			path = BottomSheet;
			sourceTree = "<group>";
		};
		D1E41A663C4E53F0D6809707 /* XCConfig */ = {
			isa = PBXGroup;
			children = (
				8B74B3A1A52D8C57ECD798C4 /* DEV.xcconfig */,
				6D13F4D80BBB66929C082D5D /* PROD.xcconfig */,
				545258D5A0F5FA256F1C2DC1 /* QA.xcconfig */,
			);
			name = XCConfig;
			path = ../../../XCConfig;
			sourceTree = "<group>";
		};
		F1F46C4C3769311843CD38CA /* Sources */ = {
			isa = PBXGroup;
			children = (
				F2AB7ED1AE2BC5EAD7BCB634 /* View */,
				35627C1D4E98036BC154FC0F /* ViewModel */,
			);
			path = Sources;
			sourceTree = "<group>";
		};
		F2AB7ED1AE2BC5EAD7BCB634 /* View */ = {
			isa = PBXGroup;
			children = (
				A2BAD0973B1B071B60C0A40D /* BottomSheet */,
				17FA338B005E282D617D854C /* Main */,
				57F7A05146E67C63F011EFA2 /* Top */,
				FA6BE694AE39B53BA80F9511 /* CaptureView.swift */,
				EFD64E80BA6CF742A26DE32C /* TimeTableView.swift */,
			);
			path = View;
			sourceTree = "<group>";
		};
/* End PBXGroup section */

/* Begin PBXNativeTarget section */
		A557192FDB07C6A06C12851C /* TimeTableFeature */ = {
			isa = PBXNativeTarget;
			buildConfigurationList = 7119D90592F292BB7B407382 /* Build configuration list for PBXNativeTarget "TimeTableFeature" */;
			buildPhases = (
				F0E7C909AA339EECC2AF4176 /* Sources */,
				548DDBCD31150313C9BC5E95 /* Resources */,
				3BE69B3FA31FC1DF833D9884 /* Embed Frameworks */,
				5EB8F8561EED08E65829E9F0 /* Frameworks */,
			);
			buildRules = (
			);
			dependencies = (
				1E229DAA272D9A94A9FC7A22 /* PBXTargetDependency */,
			);
			name = TimeTableFeature;
			productName = TimeTableFeature;
			productReference = 7DBBC70C18F799BE322E653B /* TimeTableFeature.framework */;
			productType = "com.apple.product-type.framework";
		};
		C82AD69D8C41214FAEE828D9 /* TimeTableFeatureInterface */ = {
			isa = PBXNativeTarget;
			buildConfigurationList = D605B3A8EF36324FED5E9F93 /* Build configuration list for PBXNativeTarget "TimeTableFeatureInterface" */;
			buildPhases = (
				99D7AC287F3431D1FF21314A /* Sources */,
				7B15D8304D1B77D6EC8CBF7E /* Resources */,
				7CDBFA307B1C1674D465986C /* Embed Frameworks */,
				0765339C9842F6507F003A32 /* Frameworks */,
			);
			buildRules = (
			);
			dependencies = (
			);
			name = TimeTableFeatureInterface;
			productName = TimeTableFeatureInterface;
			productReference = C4939CCB6473BD917C8BB764 /* TimeTableFeatureInterface.framework */;
			productType = "com.apple.product-type.framework";
		};
/* End PBXNativeTarget section */

/* Begin PBXProject section */
		0E176F1D3759AE6BD8A0A03D /* Project object */ = {
			isa = PBXProject;
			attributes = {
				BuildIndependentTargetsInParallel = YES;
				ORGANIZATIONNAME = "Heylets-iOS";
				TargetAttributes = {
				};
			};
			buildConfigurationList = 463296E70649AB5FE7572480 /* Build configuration list for PBXProject "TimeTableFeature" */;
			compatibilityVersion = "Xcode 14.0";
			developmentRegion = en;
			hasScannedForEncodings = 0;
			knownRegions = (
				Base,
				en,
			);
			mainGroup = 909ABD24CDC04DE4C18F941C;
			productRefGroup = 2F0BCB2461D369A012ADCAC8 /* Products */;
			projectDirPath = "";
			projectRoot = "";
			targets = (
				C82AD69D8C41214FAEE828D9 /* TimeTableFeatureInterface */,
				A557192FDB07C6A06C12851C /* TimeTableFeature */,
			);
		};
/* End PBXProject section */

/* Begin PBXResourcesBuildPhase section */
		548DDBCD31150313C9BC5E95 /* Resources */ = {
			isa = PBXResourcesBuildPhase;
			buildActionMask = 2147483647;
			files = (
			);
			runOnlyForDeploymentPostprocessing = 0;
		};
		7B15D8304D1B77D6EC8CBF7E /* Resources */ = {
			isa = PBXResourcesBuildPhase;
			buildActionMask = 2147483647;
			files = (
			);
			runOnlyForDeploymentPostprocessing = 0;
		};
/* End PBXResourcesBuildPhase section */

/* Begin PBXSourcesBuildPhase section */
		99D7AC287F3431D1FF21314A /* Sources */ = {
			isa = PBXSourcesBuildPhase;
			buildActionMask = 2147483647;
			files = (
				9130926220B55EE02B024D62 /* example.swift in Sources */,
			);
			runOnlyForDeploymentPostprocessing = 0;
		};
		F0E7C909AA339EECC2AF4176 /* Sources */ = {
			isa = PBXSourcesBuildPhase;
			buildActionMask = 2147483647;
			files = (
				8059C243FC7E6B057ED988A8 /* AddCustomModuleView.swift in Sources */,
				ABA3E266215E68B8DD6E072C /* DetailModuleInfoView.swift in Sources */,
				6226F6DF98DF0CAE50634F36 /* ReportMissingModuleView.swift in Sources */,
				2A922332277211233AA68337 /* SearchModuleView.swift in Sources */,
				EA72828A05ACD244858DC32A /* SettingTimeTableAlertView.swift in Sources */,
				2992D245F7336F7A28F6DA1C /* SettingTimeTableInfoView.swift in Sources */,
				D381FAB903CAB1DCDA4A7433 /* SettingTimeTableView.swift in Sources */,
				9AD3D99025C9F48AB42B830A /* CaptureView.swift in Sources */,
				C16DAD4616C6025F7E2AA032 /* HourListView.swift in Sources */,
				65DAA62AE8AD397853EDA8C4 /* TimeTableGridView.swift in Sources */,
				6A5B545FE80D7AE982030907 /* TimeTableMainView.swift in Sources */,
				CC4F3414889ECEF46043ABE1 /* WeeklyListView.swift in Sources */,
				0698E1F3A2D90F713327B65D /* TimeTableView.swift in Sources */,
				F470BC8B78A9F2139DB1D5E0 /* AddCustomModuleTopView.swift in Sources */,
				37C2514114DEB33E3F358863 /* SearchModuleTopView.swift in Sources */,
				2A403A67B67809A8E2ADD064 /* ThemeTopView.swift in Sources */,
				06F2A05C56801620FF2074EA /* TimeTableTopView.swift in Sources */,
				6405C4D6C43B6F0059431711 /* AddCustomModuleViewModel.swift in Sources */,
				B92B99C7CA2AB7132E0FB057 /* SearchModuleViewModel.swift in Sources */,
				1E710401B5711C560214CB9D /* SettingTimeTableViewModel.swift in Sources */,
				93C135C6B3DA973D0F644FE9 /* ThemeViewModel.swift in Sources */,
				B2820B3951EBF5BD401CD178 /* TimeTableViewModel.swift in Sources */,
			);
			runOnlyForDeploymentPostprocessing = 0;
		};
/* End PBXSourcesBuildPhase section */

/* Begin PBXTargetDependency section */
		1E229DAA272D9A94A9FC7A22 /* PBXTargetDependency */ = {
			isa = PBXTargetDependency;
			name = TimeTableFeatureInterface;
			target = C82AD69D8C41214FAEE828D9 /* TimeTableFeatureInterface */;
			targetProxy = 27EFEBA747DF029BB72D4696 /* PBXContainerItemProxy */;
		};
/* End PBXTargetDependency section */

/* Begin XCBuildConfiguration section */
		292D03CABB13590464B378D8 /* QA */ = {
			isa = XCBuildConfiguration;
			baseConfigurationReference = 545258D5A0F5FA256F1C2DC1 /* QA.xcconfig */;
			buildSettings = {
				ALWAYS_SEARCH_USER_PATHS = NO;
				CLANG_ANALYZER_LOCALIZABILITY_NONLOCALIZED = YES;
				CLANG_ANALYZER_NONNULL = YES;
				CLANG_ANALYZER_NUMBER_OBJECT_CONVERSION = YES_AGGRESSIVE;
				CLANG_CXX_LANGUAGE_STANDARD = "gnu++14";
				CLANG_CXX_LIBRARY = "libc++";
				CLANG_ENABLE_MODULES = YES;
				CLANG_ENABLE_OBJC_ARC = YES;
				CLANG_ENABLE_OBJC_WEAK = YES;
				CLANG_WARN_BLOCK_CAPTURE_AUTORELEASING = YES;
				CLANG_WARN_BOOL_CONVERSION = YES;
				CLANG_WARN_COMMA = YES;
				CLANG_WARN_CONSTANT_CONVERSION = YES;
				CLANG_WARN_DEPRECATED_OBJC_IMPLEMENTATIONS = YES;
				CLANG_WARN_DIRECT_OBJC_ISA_USAGE = YES_ERROR;
				CLANG_WARN_DOCUMENTATION_COMMENTS = YES;
				CLANG_WARN_EMPTY_BODY = YES;
				CLANG_WARN_ENUM_CONVERSION = YES;
				CLANG_WARN_INFINITE_RECURSION = YES;
				CLANG_WARN_INT_CONVERSION = YES;
				CLANG_WARN_NON_LITERAL_NULL_CONVERSION = YES;
				CLANG_WARN_OBJC_IMPLICIT_RETAIN_SELF = YES;
				CLANG_WARN_OBJC_LITERAL_CONVERSION = YES;
				CLANG_WARN_OBJC_ROOT_CLASS = YES_ERROR;
				CLANG_WARN_QUOTED_INCLUDE_IN_FRAMEWORK_HEADER = YES;
				CLANG_WARN_RANGE_LOOP_ANALYSIS = YES;
				CLANG_WARN_STRICT_PROTOTYPES = YES;
				CLANG_WARN_SUSPICIOUS_MOVE = YES;
				CLANG_WARN_UNGUARDED_AVAILABILITY = YES_AGGRESSIVE;
				CLANG_WARN_UNREACHABLE_CODE = YES;
				CLANG_WARN__DUPLICATE_METHOD_MATCH = YES;
				COPY_PHASE_STRIP = NO;
				DEAD_CODE_STRIPPING = YES;
				DEBUG_INFORMATION_FORMAT = dwarf;
				ENABLE_STRICT_OBJC_MSGSEND = YES;
				ENABLE_TESTABILITY = YES;
				GCC_C_LANGUAGE_STANDARD = gnu11;
				GCC_DYNAMIC_NO_PIC = NO;
				GCC_NO_COMMON_BLOCKS = YES;
				GCC_OPTIMIZATION_LEVEL = 0;
				GCC_PREPROCESSOR_DEFINITIONS = (
					"DEBUG=1",
					"$(inherited)",
				);
				GCC_WARN_64_TO_32_BIT_CONVERSION = YES;
				GCC_WARN_ABOUT_RETURN_TYPE = YES_ERROR;
				GCC_WARN_UNDECLARED_SELECTOR = YES;
				GCC_WARN_UNINITIALIZED_AUTOS = YES_AGGRESSIVE;
				GCC_WARN_UNUSED_FUNCTION = YES;
				GCC_WARN_UNUSED_VARIABLE = YES;
				MTL_ENABLE_DEBUG_INFO = YES;
				ONLY_ACTIVE_ARCH = YES;
				PRODUCT_NAME = "$(TARGET_NAME)";
			};
			name = QA;
		};
		4C1E57EF4166C01E42C90DD2 /* PROD */ = {
			isa = XCBuildConfiguration;
			buildSettings = {
				CODE_SIGN_IDENTITY = "";
				CURRENT_PROJECT_VERSION = 1;
				DEFINES_MODULE = YES;
				DYLIB_COMPATIBILITY_VERSION = 1;
				DYLIB_CURRENT_VERSION = 1;
				DYLIB_INSTALL_NAME_BASE = "@rpath";
				INFOPLIST_FILE = "Derived/InfoPlists/TimeTableFeature-Info.plist";
				INSTALL_PATH = "$(LOCAL_LIBRARY_DIR)/Frameworks";
				IPHONEOS_DEPLOYMENT_TARGET = 16.0;
				LD_RUNPATH_SEARCH_PATHS = (
					"$(inherited)",
					"@executable_path/Frameworks",
					"@loader_path/Frameworks",
				);
				MACH_O_TYPE = staticlib;
				PRODUCT_BUNDLE_IDENTIFIER = "com.heeom.Heylets-iOS.TimeTableFeature";
				PRODUCT_NAME = TimeTableFeature;
				SDKROOT = iphoneos;
				SKIP_INSTALL = YES;
				SUPPORTS_MACCATALYST = NO;
				SUPPORTS_MAC_DESIGNED_FOR_IPHONE_IPAD = YES;
				SUPPORTS_XR_DESIGNED_FOR_IPHONE_IPAD = NO;
				SWIFT_COMPILATION_MODE = wholemodule;
				SWIFT_OPTIMIZATION_LEVEL = "-Owholemodule";
				SWIFT_VERSION = 5.0;
				TARGETED_DEVICE_FAMILY = 1;
				VERSIONING_SYSTEM = "apple-generic";
				VERSION_INFO_PREFIX = "";
			};
			name = PROD;
		};
		67798455CAB78C6B3D8E78EB /* Development */ = {
			isa = XCBuildConfiguration;
			baseConfigurationReference = 8B74B3A1A52D8C57ECD798C4 /* DEV.xcconfig */;
			buildSettings = {
				ALWAYS_SEARCH_USER_PATHS = NO;
				CLANG_ANALYZER_LOCALIZABILITY_NONLOCALIZED = YES;
				CLANG_ANALYZER_NONNULL = YES;
				CLANG_ANALYZER_NUMBER_OBJECT_CONVERSION = YES_AGGRESSIVE;
				CLANG_CXX_LANGUAGE_STANDARD = "gnu++14";
				CLANG_CXX_LIBRARY = "libc++";
				CLANG_ENABLE_MODULES = YES;
				CLANG_ENABLE_OBJC_ARC = YES;
				CLANG_ENABLE_OBJC_WEAK = YES;
				CLANG_WARN_BLOCK_CAPTURE_AUTORELEASING = YES;
				CLANG_WARN_BOOL_CONVERSION = YES;
				CLANG_WARN_COMMA = YES;
				CLANG_WARN_CONSTANT_CONVERSION = YES;
				CLANG_WARN_DEPRECATED_OBJC_IMPLEMENTATIONS = YES;
				CLANG_WARN_DIRECT_OBJC_ISA_USAGE = YES_ERROR;
				CLANG_WARN_DOCUMENTATION_COMMENTS = YES;
				CLANG_WARN_EMPTY_BODY = YES;
				CLANG_WARN_ENUM_CONVERSION = YES;
				CLANG_WARN_INFINITE_RECURSION = YES;
				CLANG_WARN_INT_CONVERSION = YES;
				CLANG_WARN_NON_LITERAL_NULL_CONVERSION = YES;
				CLANG_WARN_OBJC_IMPLICIT_RETAIN_SELF = YES;
				CLANG_WARN_OBJC_LITERAL_CONVERSION = YES;
				CLANG_WARN_OBJC_ROOT_CLASS = YES_ERROR;
				CLANG_WARN_QUOTED_INCLUDE_IN_FRAMEWORK_HEADER = YES;
				CLANG_WARN_RANGE_LOOP_ANALYSIS = YES;
				CLANG_WARN_STRICT_PROTOTYPES = YES;
				CLANG_WARN_SUSPICIOUS_MOVE = YES;
				CLANG_WARN_UNGUARDED_AVAILABILITY = YES_AGGRESSIVE;
				CLANG_WARN_UNREACHABLE_CODE = YES;
				CLANG_WARN__DUPLICATE_METHOD_MATCH = YES;
				COPY_PHASE_STRIP = NO;
				DEAD_CODE_STRIPPING = YES;
				DEBUG_INFORMATION_FORMAT = dwarf;
				ENABLE_STRICT_OBJC_MSGSEND = YES;
				ENABLE_TESTABILITY = YES;
				GCC_C_LANGUAGE_STANDARD = gnu11;
				GCC_DYNAMIC_NO_PIC = NO;
				GCC_NO_COMMON_BLOCKS = YES;
				GCC_OPTIMIZATION_LEVEL = 0;
				GCC_PREPROCESSOR_DEFINITIONS = (
					"DEBUG=1",
					"$(inherited)",
				);
				GCC_WARN_64_TO_32_BIT_CONVERSION = YES;
				GCC_WARN_ABOUT_RETURN_TYPE = YES_ERROR;
				GCC_WARN_UNDECLARED_SELECTOR = YES;
				GCC_WARN_UNINITIALIZED_AUTOS = YES_AGGRESSIVE;
				GCC_WARN_UNUSED_FUNCTION = YES;
				GCC_WARN_UNUSED_VARIABLE = YES;
				MTL_ENABLE_DEBUG_INFO = YES;
				ONLY_ACTIVE_ARCH = YES;
				PRODUCT_NAME = "$(TARGET_NAME)";
			};
			name = Development;
		};
		8CBBBBE01D9BAFC570807B25 /* PROD */ = {
			isa = XCBuildConfiguration;
			baseConfigurationReference = 6D13F4D80BBB66929C082D5D /* PROD.xcconfig */;
			buildSettings = {
				ALWAYS_SEARCH_USER_PATHS = NO;
				CLANG_ANALYZER_LOCALIZABILITY_NONLOCALIZED = YES;
				CLANG_ANALYZER_NONNULL = YES;
				CLANG_ANALYZER_NUMBER_OBJECT_CONVERSION = YES_AGGRESSIVE;
				CLANG_CXX_LANGUAGE_STANDARD = "gnu++14";
				CLANG_CXX_LIBRARY = "libc++";
				CLANG_ENABLE_MODULES = YES;
				CLANG_ENABLE_OBJC_ARC = YES;
				CLANG_ENABLE_OBJC_WEAK = YES;
				CLANG_WARN_BLOCK_CAPTURE_AUTORELEASING = YES;
				CLANG_WARN_BOOL_CONVERSION = YES;
				CLANG_WARN_COMMA = YES;
				CLANG_WARN_CONSTANT_CONVERSION = YES;
				CLANG_WARN_DEPRECATED_OBJC_IMPLEMENTATIONS = YES;
				CLANG_WARN_DIRECT_OBJC_ISA_USAGE = YES_ERROR;
				CLANG_WARN_DOCUMENTATION_COMMENTS = YES;
				CLANG_WARN_EMPTY_BODY = YES;
				CLANG_WARN_ENUM_CONVERSION = YES;
				CLANG_WARN_INFINITE_RECURSION = YES;
				CLANG_WARN_INT_CONVERSION = YES;
				CLANG_WARN_NON_LITERAL_NULL_CONVERSION = YES;
				CLANG_WARN_OBJC_IMPLICIT_RETAIN_SELF = YES;
				CLANG_WARN_OBJC_LITERAL_CONVERSION = YES;
				CLANG_WARN_OBJC_ROOT_CLASS = YES_ERROR;
				CLANG_WARN_QUOTED_INCLUDE_IN_FRAMEWORK_HEADER = YES;
				CLANG_WARN_RANGE_LOOP_ANALYSIS = YES;
				CLANG_WARN_STRICT_PROTOTYPES = YES;
				CLANG_WARN_SUSPICIOUS_MOVE = YES;
				CLANG_WARN_UNGUARDED_AVAILABILITY = YES_AGGRESSIVE;
				CLANG_WARN_UNREACHABLE_CODE = YES;
				CLANG_WARN__DUPLICATE_METHOD_MATCH = YES;
				COPY_PHASE_STRIP = NO;
				DEAD_CODE_STRIPPING = YES;
				DEBUG_INFORMATION_FORMAT = "dwarf-with-dsym";
				ENABLE_NS_ASSERTIONS = NO;
				ENABLE_STRICT_OBJC_MSGSEND = YES;
				GCC_C_LANGUAGE_STANDARD = gnu11;
				GCC_NO_COMMON_BLOCKS = YES;
				GCC_WARN_64_TO_32_BIT_CONVERSION = YES;
				GCC_WARN_ABOUT_RETURN_TYPE = YES_ERROR;
				GCC_WARN_UNDECLARED_SELECTOR = YES;
				GCC_WARN_UNINITIALIZED_AUTOS = YES_AGGRESSIVE;
				GCC_WARN_UNUSED_FUNCTION = YES;
				GCC_WARN_UNUSED_VARIABLE = YES;
				MTL_ENABLE_DEBUG_INFO = NO;
				PRODUCT_NAME = "$(TARGET_NAME)";
				VALIDATE_PRODUCT = YES;
			};
			name = PROD;
		};
		8CF5B9B992947704DCC6D510 /* QA */ = {
			isa = XCBuildConfiguration;
			buildSettings = {
				CODE_SIGN_IDENTITY = "";
				CURRENT_PROJECT_VERSION = 1;
				DEFINES_MODULE = YES;
				DYLIB_COMPATIBILITY_VERSION = 1;
				DYLIB_CURRENT_VERSION = 1;
				DYLIB_INSTALL_NAME_BASE = "@rpath";
				INFOPLIST_FILE = "Derived/InfoPlists/TimeTableFeatureInterface-Info.plist";
				INSTALL_PATH = "$(LOCAL_LIBRARY_DIR)/Frameworks";
				IPHONEOS_DEPLOYMENT_TARGET = 16.0;
				LD_RUNPATH_SEARCH_PATHS = (
					"$(inherited)",
					"@executable_path/Frameworks",
					"@loader_path/Frameworks",
				);
				PRODUCT_BUNDLE_IDENTIFIER = "com.heeom.Heylets-iOS.TimeTableFeatureInterface";
				PRODUCT_NAME = TimeTableFeatureInterface;
				SDKROOT = iphoneos;
				SKIP_INSTALL = YES;
				SUPPORTS_MACCATALYST = NO;
				SUPPORTS_MAC_DESIGNED_FOR_IPHONE_IPAD = YES;
				SUPPORTS_XR_DESIGNED_FOR_IPHONE_IPAD = NO;
				SWIFT_ACTIVE_COMPILATION_CONDITIONS = DEBUG;
				SWIFT_COMPILATION_MODE = singlefile;
				SWIFT_OPTIMIZATION_LEVEL = "-Onone";
				SWIFT_VERSION = 5.0;
				TARGETED_DEVICE_FAMILY = 1;
				VERSIONING_SYSTEM = "apple-generic";
				VERSION_INFO_PREFIX = "";
			};
			name = QA;
		};
		917AE837525FF2A3F27C38D7 /* Development */ = {
			isa = XCBuildConfiguration;
			buildSettings = {
				CODE_SIGN_IDENTITY = "";
				CURRENT_PROJECT_VERSION = 1;
				DEFINES_MODULE = YES;
				DYLIB_COMPATIBILITY_VERSION = 1;
				DYLIB_CURRENT_VERSION = 1;
				DYLIB_INSTALL_NAME_BASE = "@rpath";
				INFOPLIST_FILE = "Derived/InfoPlists/TimeTableFeatureInterface-Info.plist";
				INSTALL_PATH = "$(LOCAL_LIBRARY_DIR)/Frameworks";
				IPHONEOS_DEPLOYMENT_TARGET = 16.0;
				LD_RUNPATH_SEARCH_PATHS = (
					"$(inherited)",
					"@executable_path/Frameworks",
					"@loader_path/Frameworks",
				);
				PRODUCT_BUNDLE_IDENTIFIER = "com.heeom.Heylets-iOS.TimeTableFeatureInterface";
				PRODUCT_NAME = TimeTableFeatureInterface;
				SDKROOT = iphoneos;
				SKIP_INSTALL = YES;
				SUPPORTS_MACCATALYST = NO;
				SUPPORTS_MAC_DESIGNED_FOR_IPHONE_IPAD = YES;
				SUPPORTS_XR_DESIGNED_FOR_IPHONE_IPAD = NO;
				SWIFT_ACTIVE_COMPILATION_CONDITIONS = DEBUG;
				SWIFT_COMPILATION_MODE = singlefile;
				SWIFT_OPTIMIZATION_LEVEL = "-Onone";
				SWIFT_VERSION = 5.0;
				TARGETED_DEVICE_FAMILY = 1;
				VERSIONING_SYSTEM = "apple-generic";
				VERSION_INFO_PREFIX = "";
			};
			name = Development;
		};
		CCFC30206E9E447B9F4A282E /* Development */ = {
			isa = XCBuildConfiguration;
			buildSettings = {
				CODE_SIGN_IDENTITY = "";
				CURRENT_PROJECT_VERSION = 1;
				DEFINES_MODULE = YES;
				DYLIB_COMPATIBILITY_VERSION = 1;
				DYLIB_CURRENT_VERSION = 1;
				DYLIB_INSTALL_NAME_BASE = "@rpath";
				INFOPLIST_FILE = "Derived/InfoPlists/TimeTableFeature-Info.plist";
				INSTALL_PATH = "$(LOCAL_LIBRARY_DIR)/Frameworks";
				IPHONEOS_DEPLOYMENT_TARGET = 16.0;
				LD_RUNPATH_SEARCH_PATHS = (
					"$(inherited)",
					"@executable_path/Frameworks",
					"@loader_path/Frameworks",
				);
				MACH_O_TYPE = staticlib;
				PRODUCT_BUNDLE_IDENTIFIER = "com.heeom.Heylets-iOS.TimeTableFeature";
				PRODUCT_NAME = TimeTableFeature;
				SDKROOT = iphoneos;
				SKIP_INSTALL = YES;
				SUPPORTS_MACCATALYST = NO;
				SUPPORTS_MAC_DESIGNED_FOR_IPHONE_IPAD = YES;
				SUPPORTS_XR_DESIGNED_FOR_IPHONE_IPAD = NO;
				SWIFT_ACTIVE_COMPILATION_CONDITIONS = DEBUG;
				SWIFT_COMPILATION_MODE = singlefile;
				SWIFT_OPTIMIZATION_LEVEL = "-Onone";
				SWIFT_VERSION = 5.0;
				TARGETED_DEVICE_FAMILY = 1;
				VERSIONING_SYSTEM = "apple-generic";
				VERSION_INFO_PREFIX = "";
			};
			name = Development;
		};
		E36FE913B69B59F82C149CA1 /* QA */ = {
			isa = XCBuildConfiguration;
			buildSettings = {
				CODE_SIGN_IDENTITY = "";
				CURRENT_PROJECT_VERSION = 1;
				DEFINES_MODULE = YES;
				DYLIB_COMPATIBILITY_VERSION = 1;
				DYLIB_CURRENT_VERSION = 1;
				DYLIB_INSTALL_NAME_BASE = "@rpath";
				INFOPLIST_FILE = "Derived/InfoPlists/TimeTableFeature-Info.plist";
				INSTALL_PATH = "$(LOCAL_LIBRARY_DIR)/Frameworks";
				IPHONEOS_DEPLOYMENT_TARGET = 16.0;
				LD_RUNPATH_SEARCH_PATHS = (
					"$(inherited)",
					"@executable_path/Frameworks",
					"@loader_path/Frameworks",
				);
				MACH_O_TYPE = staticlib;
				PRODUCT_BUNDLE_IDENTIFIER = "com.heeom.Heylets-iOS.TimeTableFeature";
				PRODUCT_NAME = TimeTableFeature;
				SDKROOT = iphoneos;
				SKIP_INSTALL = YES;
				SUPPORTS_MACCATALYST = NO;
				SUPPORTS_MAC_DESIGNED_FOR_IPHONE_IPAD = YES;
				SUPPORTS_XR_DESIGNED_FOR_IPHONE_IPAD = NO;
				SWIFT_ACTIVE_COMPILATION_CONDITIONS = DEBUG;
				SWIFT_COMPILATION_MODE = singlefile;
				SWIFT_OPTIMIZATION_LEVEL = "-Onone";
				SWIFT_VERSION = 5.0;
				TARGETED_DEVICE_FAMILY = 1;
				VERSIONING_SYSTEM = "apple-generic";
				VERSION_INFO_PREFIX = "";
			};
			name = QA;
		};
		F37C12EB48235F5900710BB0 /* PROD */ = {
			isa = XCBuildConfiguration;
			buildSettings = {
				CODE_SIGN_IDENTITY = "";
				CURRENT_PROJECT_VERSION = 1;
				DEFINES_MODULE = YES;
				DYLIB_COMPATIBILITY_VERSION = 1;
				DYLIB_CURRENT_VERSION = 1;
				DYLIB_INSTALL_NAME_BASE = "@rpath";
				INFOPLIST_FILE = "Derived/InfoPlists/TimeTableFeatureInterface-Info.plist";
				INSTALL_PATH = "$(LOCAL_LIBRARY_DIR)/Frameworks";
				IPHONEOS_DEPLOYMENT_TARGET = 16.0;
				LD_RUNPATH_SEARCH_PATHS = (
					"$(inherited)",
					"@executable_path/Frameworks",
					"@loader_path/Frameworks",
				);
				PRODUCT_BUNDLE_IDENTIFIER = "com.heeom.Heylets-iOS.TimeTableFeatureInterface";
				PRODUCT_NAME = TimeTableFeatureInterface;
				SDKROOT = iphoneos;
				SKIP_INSTALL = YES;
				SUPPORTS_MACCATALYST = NO;
				SUPPORTS_MAC_DESIGNED_FOR_IPHONE_IPAD = YES;
				SUPPORTS_XR_DESIGNED_FOR_IPHONE_IPAD = NO;
				SWIFT_COMPILATION_MODE = wholemodule;
				SWIFT_OPTIMIZATION_LEVEL = "-Owholemodule";
				SWIFT_VERSION = 5.0;
				TARGETED_DEVICE_FAMILY = 1;
				VERSIONING_SYSTEM = "apple-generic";
				VERSION_INFO_PREFIX = "";
			};
			name = PROD;
		};
/* End XCBuildConfiguration section */

/* Begin XCConfigurationList section */
		463296E70649AB5FE7572480 /* Build configuration list for PBXProject "TimeTableFeature" */ = {
			isa = XCConfigurationList;
			buildConfigurations = (
				67798455CAB78C6B3D8E78EB /* Development */,
				8CBBBBE01D9BAFC570807B25 /* PROD */,
				292D03CABB13590464B378D8 /* QA */,
			);
			defaultConfigurationIsVisible = 0;
			defaultConfigurationName = PROD;
		};
		7119D90592F292BB7B407382 /* Build configuration list for PBXNativeTarget "TimeTableFeature" */ = {
			isa = XCConfigurationList;
			buildConfigurations = (
				CCFC30206E9E447B9F4A282E /* Development */,
				4C1E57EF4166C01E42C90DD2 /* PROD */,
				E36FE913B69B59F82C149CA1 /* QA */,
			);
			defaultConfigurationIsVisible = 0;
			defaultConfigurationName = PROD;
		};
		D605B3A8EF36324FED5E9F93 /* Build configuration list for PBXNativeTarget "TimeTableFeatureInterface" */ = {
			isa = XCConfigurationList;
			buildConfigurations = (
				917AE837525FF2A3F27C38D7 /* Development */,
				F37C12EB48235F5900710BB0 /* PROD */,
				8CF5B9B992947704DCC6D510 /* QA */,
			);
			defaultConfigurationIsVisible = 0;
			defaultConfigurationName = PROD;
		};
/* End XCConfigurationList section */
	};
	rootObject = 0E176F1D3759AE6BD8A0A03D /* Project object */;
}
